// !$*UTF8*$!
{
	archiveVersion = 1;
	classes = {
	};
	objectVersion = 55;
	objects = {

/* Begin PBXBuildFile section */
		292DA8D52776511900B6F647 /* BudgetComponent .swift in Sources */ = {isa = PBXBuildFile; fileRef = 292DA8D42776511900B6F647 /* BudgetComponent .swift */; };
		292DA8D72776518D00B6F647 /* BudgetViewMoel.swift in Sources */ = {isa = PBXBuildFile; fileRef = 292DA8D62776518D00B6F647 /* BudgetViewMoel.swift */; };
		292DA8D92776526A00B6F647 /* BudgetModel.swift in Sources */ = {isa = PBXBuildFile; fileRef = 292DA8D82776526A00B6F647 /* BudgetModel.swift */; };
		292DA8DD277A60C100B6F647 /* NewBudget.swift in Sources */ = {isa = PBXBuildFile; fileRef = 292DA8DC277A60C100B6F647 /* NewBudget.swift */; };
		292DA8E0277A661200B6F647 /* CustomTextField.swift in Sources */ = {isa = PBXBuildFile; fileRef = 292DA8DF277A661200B6F647 /* CustomTextField.swift */; };
		292DA8E2277E2AE500B6F647 /* UpdateBudget.swift in Sources */ = {isa = PBXBuildFile; fileRef = 292DA8E1277E2AE500B6F647 /* UpdateBudget.swift */; };
		293DE6DA2763E6CE00A94A42 /* NewTransaction.swift in Sources */ = {isa = PBXBuildFile; fileRef = 293DE6D92763E6CE00A94A42 /* NewTransaction.swift */; };
		293DE6DD2763ECB400A94A42 /* BlurView.swift in Sources */ = {isa = PBXBuildFile; fileRef = 293DE6DC2763ECB400A94A42 /* BlurView.swift */; };
		295E88C3275E9BFE006DCC27 /* SlidingContent.swift in Sources */ = {isa = PBXBuildFile; fileRef = 295E88C2275E9BFE006DCC27 /* SlidingContent.swift */; };
		295E88DC275E9E97006DCC27 /* Raleway-Italic-VariableFont_wght.ttf in Resources */ = {isa = PBXBuildFile; fileRef = 295E88C5275E9E97006DCC27 /* Raleway-Italic-VariableFont_wght.ttf */; };
		295E88DD275E9E97006DCC27 /* Raleway-BoldItalic.ttf in Resources */ = {isa = PBXBuildFile; fileRef = 295E88C7275E9E97006DCC27 /* Raleway-BoldItalic.ttf */; };
		295E88DE275E9E97006DCC27 /* Raleway-MediumItalic.ttf in Resources */ = {isa = PBXBuildFile; fileRef = 295E88C8275E9E97006DCC27 /* Raleway-MediumItalic.ttf */; };
		295E88DF275E9E97006DCC27 /* Raleway-ThinItalic.ttf in Resources */ = {isa = PBXBuildFile; fileRef = 295E88C9275E9E97006DCC27 /* Raleway-ThinItalic.ttf */; };
		295E88E0275E9E97006DCC27 /* Raleway-ExtraLight.ttf in Resources */ = {isa = PBXBuildFile; fileRef = 295E88CA275E9E97006DCC27 /* Raleway-ExtraLight.ttf */; };
		295E88E1275E9E97006DCC27 /* Raleway-Medium.ttf in Resources */ = {isa = PBXBuildFile; fileRef = 295E88CB275E9E97006DCC27 /* Raleway-Medium.ttf */; };
		295E88E2275E9E97006DCC27 /* Raleway-SemiBold.ttf in Resources */ = {isa = PBXBuildFile; fileRef = 295E88CC275E9E97006DCC27 /* Raleway-SemiBold.ttf */; };
		295E88E3275E9E97006DCC27 /* Raleway-ExtraBold.ttf in Resources */ = {isa = PBXBuildFile; fileRef = 295E88CD275E9E97006DCC27 /* Raleway-ExtraBold.ttf */; };
		295E88E4275E9E97006DCC27 /* Raleway-ExtraBoldItalic.ttf in Resources */ = {isa = PBXBuildFile; fileRef = 295E88CE275E9E97006DCC27 /* Raleway-ExtraBoldItalic.ttf */; };
		295E88E5275E9E97006DCC27 /* Raleway-Regular.ttf in Resources */ = {isa = PBXBuildFile; fileRef = 295E88CF275E9E97006DCC27 /* Raleway-Regular.ttf */; };
		295E88E6275E9E97006DCC27 /* Raleway-ExtraLightItalic.ttf in Resources */ = {isa = PBXBuildFile; fileRef = 295E88D0275E9E97006DCC27 /* Raleway-ExtraLightItalic.ttf */; };
		295E88E7275E9E97006DCC27 /* Raleway-SemiBoldItalic.ttf in Resources */ = {isa = PBXBuildFile; fileRef = 295E88D1275E9E97006DCC27 /* Raleway-SemiBoldItalic.ttf */; };
		295E88E8275E9E97006DCC27 /* Raleway-Light.ttf in Resources */ = {isa = PBXBuildFile; fileRef = 295E88D2275E9E97006DCC27 /* Raleway-Light.ttf */; };
		295E88E9275E9E97006DCC27 /* Raleway-Black.ttf in Resources */ = {isa = PBXBuildFile; fileRef = 295E88D3275E9E97006DCC27 /* Raleway-Black.ttf */; };
		295E88EA275E9E97006DCC27 /* Raleway-BlackItalic.ttf in Resources */ = {isa = PBXBuildFile; fileRef = 295E88D4275E9E97006DCC27 /* Raleway-BlackItalic.ttf */; };
		295E88EB275E9E97006DCC27 /* Raleway-LightItalic.ttf in Resources */ = {isa = PBXBuildFile; fileRef = 295E88D5275E9E97006DCC27 /* Raleway-LightItalic.ttf */; };
		295E88EC275E9E97006DCC27 /* Raleway-Thin.ttf in Resources */ = {isa = PBXBuildFile; fileRef = 295E88D6275E9E97006DCC27 /* Raleway-Thin.ttf */; };
		295E88ED275E9E97006DCC27 /* Raleway-Italic.ttf in Resources */ = {isa = PBXBuildFile; fileRef = 295E88D7275E9E97006DCC27 /* Raleway-Italic.ttf */; };
		295E88EE275E9E97006DCC27 /* Raleway-Bold.ttf in Resources */ = {isa = PBXBuildFile; fileRef = 295E88D8275E9E97006DCC27 /* Raleway-Bold.ttf */; };
		295E88EF275E9E97006DCC27 /* OFL.txt in Resources */ = {isa = PBXBuildFile; fileRef = 295E88D9275E9E97006DCC27 /* OFL.txt */; };
		295E88F0275E9E97006DCC27 /* Raleway-VariableFont_wght.ttf in Resources */ = {isa = PBXBuildFile; fileRef = 295E88DA275E9E97006DCC27 /* Raleway-VariableFont_wght.ttf */; };
		295E88F1275E9E97006DCC27 /* README.txt in Resources */ = {isa = PBXBuildFile; fileRef = 295E88DB275E9E97006DCC27 /* README.txt */; };
		295E88F4275EA132006DCC27 /* FontManager.swift in Sources */ = {isa = PBXBuildFile; fileRef = 295E88F3275EA132006DCC27 /* FontManager.swift */; };
		295E88F7275EA633006DCC27 /* SlideShowModels.swift in Sources */ = {isa = PBXBuildFile; fileRef = 295E88F6275EA632006DCC27 /* SlideShowModels.swift */; };
		295E88FA275EB6EC006DCC27 /* LoginCard.swift in Sources */ = {isa = PBXBuildFile; fileRef = 295E88F9275EB6EC006DCC27 /* LoginCard.swift */; };
		295E88FE275EB89D006DCC27 /* SignUpCard.swift in Sources */ = {isa = PBXBuildFile; fileRef = 295E88FD275EB89D006DCC27 /* SignUpCard.swift */; };
		295E8900275EB8D2006DCC27 /* LogOnCard.swift in Sources */ = {isa = PBXBuildFile; fileRef = 295E88FF275EB8D2006DCC27 /* LogOnCard.swift */; };
		295E8902275FED03006DCC27 /* HomeView.swift in Sources */ = {isa = PBXBuildFile; fileRef = 295E8901275FED03006DCC27 /* HomeView.swift */; };
		295E8906275FEF11006DCC27 /* ProfileImage.swift in Sources */ = {isa = PBXBuildFile; fileRef = 295E8905275FEF11006DCC27 /* ProfileImage.swift */; };
		295E8908275FF52B006DCC27 /* DailyBalance.swift in Sources */ = {isa = PBXBuildFile; fileRef = 295E8907275FF52A006DCC27 /* DailyBalance.swift */; };
		295E890C276016FC006DCC27 /* IncomeExpense.swift in Sources */ = {isa = PBXBuildFile; fileRef = 295E890B276016FC006DCC27 /* IncomeExpense.swift */; };
		295E89102760246B006DCC27 /* TransactionModel.swift in Sources */ = {isa = PBXBuildFile; fileRef = 295E890F2760246B006DCC27 /* TransactionModel.swift */; };
		295E8912276028F4006DCC27 /* DateTitle.swift in Sources */ = {isa = PBXBuildFile; fileRef = 295E8911276028F4006DCC27 /* DateTitle.swift */; };
		2969AFC6275CA20400A2F820 /* BudgetstraApp.swift in Sources */ = {isa = PBXBuildFile; fileRef = 2969AFC5275CA20400A2F820 /* BudgetstraApp.swift */; };
		2969AFC8275CA20400A2F820 /* ContentView.swift in Sources */ = {isa = PBXBuildFile; fileRef = 2969AFC7275CA20400A2F820 /* ContentView.swift */; };
		2969AFCA275CA20600A2F820 /* Assets.xcassets in Resources */ = {isa = PBXBuildFile; fileRef = 2969AFC9275CA20600A2F820 /* Assets.xcassets */; };
		2969AFCD275CA20600A2F820 /* Preview Assets.xcassets in Resources */ = {isa = PBXBuildFile; fileRef = 2969AFCC275CA20600A2F820 /* Preview Assets.xcassets */; };
		2969AFEA275E9B8500A2F820 /* LoginView.swift in Sources */ = {isa = PBXBuildFile; fileRef = 2969AFE9275E9B8500A2F820 /* LoginView.swift */; };
		29AC8FE02764207700CBC28C /* ListViewModel.swift in Sources */ = {isa = PBXBuildFile; fileRef = 29AC8FDF2764207700CBC28C /* ListViewModel.swift */; };
		29AC8FE22764658200CBC28C /* HapticManager.swift in Sources */ = {isa = PBXBuildFile; fileRef = 29AC8FE12764658200CBC28C /* HapticManager.swift */; };
		29B913B2276164F00070DF51 /* TransactionImage.swift in Sources */ = {isa = PBXBuildFile; fileRef = 29B913B1276164F00070DF51 /* TransactionImage.swift */; };
		29B913B427616CF00070DF51 /* ListView.swift in Sources */ = {isa = PBXBuildFile; fileRef = 29B913B327616CF00070DF51 /* ListView.swift */; };
		29B913B7276275C80070DF51 /* CustomTabBar.swift in Sources */ = {isa = PBXBuildFile; fileRef = 29B913B6276275C80070DF51 /* CustomTabBar.swift */; };
		29B913B9276276B20070DF51 /* TabModel.swift in Sources */ = {isa = PBXBuildFile; fileRef = 29B913B8276276B20070DF51 /* TabModel.swift */; };
		29B913BB27627F690070DF51 /* BudgetView.swift in Sources */ = {isa = PBXBuildFile; fileRef = 29B913BA27627F690070DF51 /* BudgetView.swift */; };
		29B913BD27627F8F0070DF51 /* GraphView.swift in Sources */ = {isa = PBXBuildFile; fileRef = 29B913BC27627F8F0070DF51 /* GraphView.swift */; };
		29B913BF27627F9C0070DF51 /* AccountView.swift in Sources */ = {isa = PBXBuildFile; fileRef = 29B913BE27627F9C0070DF51 /* AccountView.swift */; };
/* End PBXBuildFile section */

/* Begin PBXFileReference section */
		292DA8D42776511900B6F647 /* BudgetComponent .swift */ = {isa = PBXFileReference; lastKnownFileType = sourcecode.swift; path = "BudgetComponent .swift"; sourceTree = "<group>"; };
		292DA8D62776518D00B6F647 /* BudgetViewMoel.swift */ = {isa = PBXFileReference; lastKnownFileType = sourcecode.swift; path = BudgetViewMoel.swift; sourceTree = "<group>"; };
		292DA8D82776526A00B6F647 /* BudgetModel.swift */ = {isa = PBXFileReference; lastKnownFileType = sourcecode.swift; path = BudgetModel.swift; sourceTree = "<group>"; };
		292DA8DC277A60C100B6F647 /* NewBudget.swift */ = {isa = PBXFileReference; lastKnownFileType = sourcecode.swift; path = NewBudget.swift; sourceTree = "<group>"; };
		292DA8DF277A661200B6F647 /* CustomTextField.swift */ = {isa = PBXFileReference; lastKnownFileType = sourcecode.swift; path = CustomTextField.swift; sourceTree = "<group>"; };
		292DA8E1277E2AE500B6F647 /* UpdateBudget.swift */ = {isa = PBXFileReference; lastKnownFileType = sourcecode.swift; path = UpdateBudget.swift; sourceTree = "<group>"; };
		293DE6D92763E6CE00A94A42 /* NewTransaction.swift */ = {isa = PBXFileReference; lastKnownFileType = sourcecode.swift; path = NewTransaction.swift; sourceTree = "<group>"; };
		293DE6DC2763ECB400A94A42 /* BlurView.swift */ = {isa = PBXFileReference; lastKnownFileType = sourcecode.swift; path = BlurView.swift; sourceTree = "<group>"; };
		295E88C2275E9BFE006DCC27 /* SlidingContent.swift */ = {isa = PBXFileReference; lastKnownFileType = sourcecode.swift; path = SlidingContent.swift; sourceTree = "<group>"; };
		295E88C5275E9E97006DCC27 /* Raleway-Italic-VariableFont_wght.ttf */ = {isa = PBXFileReference; lastKnownFileType = file; path = "Raleway-Italic-VariableFont_wght.ttf"; sourceTree = "<group>"; };
		295E88C7275E9E97006DCC27 /* Raleway-BoldItalic.ttf */ = {isa = PBXFileReference; lastKnownFileType = file; path = "Raleway-BoldItalic.ttf"; sourceTree = "<group>"; };
		295E88C8275E9E97006DCC27 /* Raleway-MediumItalic.ttf */ = {isa = PBXFileReference; lastKnownFileType = file; path = "Raleway-MediumItalic.ttf"; sourceTree = "<group>"; };
		295E88C9275E9E97006DCC27 /* Raleway-ThinItalic.ttf */ = {isa = PBXFileReference; lastKnownFileType = file; path = "Raleway-ThinItalic.ttf"; sourceTree = "<group>"; };
		295E88CA275E9E97006DCC27 /* Raleway-ExtraLight.ttf */ = {isa = PBXFileReference; lastKnownFileType = file; path = "Raleway-ExtraLight.ttf"; sourceTree = "<group>"; };
		295E88CB275E9E97006DCC27 /* Raleway-Medium.ttf */ = {isa = PBXFileReference; lastKnownFileType = file; path = "Raleway-Medium.ttf"; sourceTree = "<group>"; };
		295E88CC275E9E97006DCC27 /* Raleway-SemiBold.ttf */ = {isa = PBXFileReference; lastKnownFileType = file; path = "Raleway-SemiBold.ttf"; sourceTree = "<group>"; };
		295E88CD275E9E97006DCC27 /* Raleway-ExtraBold.ttf */ = {isa = PBXFileReference; lastKnownFileType = file; path = "Raleway-ExtraBold.ttf"; sourceTree = "<group>"; };
		295E88CE275E9E97006DCC27 /* Raleway-ExtraBoldItalic.ttf */ = {isa = PBXFileReference; lastKnownFileType = file; path = "Raleway-ExtraBoldItalic.ttf"; sourceTree = "<group>"; };
		295E88CF275E9E97006DCC27 /* Raleway-Regular.ttf */ = {isa = PBXFileReference; lastKnownFileType = file; path = "Raleway-Regular.ttf"; sourceTree = "<group>"; };
		295E88D0275E9E97006DCC27 /* Raleway-ExtraLightItalic.ttf */ = {isa = PBXFileReference; lastKnownFileType = file; path = "Raleway-ExtraLightItalic.ttf"; sourceTree = "<group>"; };
		295E88D1275E9E97006DCC27 /* Raleway-SemiBoldItalic.ttf */ = {isa = PBXFileReference; lastKnownFileType = file; path = "Raleway-SemiBoldItalic.ttf"; sourceTree = "<group>"; };
		295E88D2275E9E97006DCC27 /* Raleway-Light.ttf */ = {isa = PBXFileReference; lastKnownFileType = file; path = "Raleway-Light.ttf"; sourceTree = "<group>"; };
		295E88D3275E9E97006DCC27 /* Raleway-Black.ttf */ = {isa = PBXFileReference; lastKnownFileType = file; path = "Raleway-Black.ttf"; sourceTree = "<group>"; };
		295E88D4275E9E97006DCC27 /* Raleway-BlackItalic.ttf */ = {isa = PBXFileReference; lastKnownFileType = file; path = "Raleway-BlackItalic.ttf"; sourceTree = "<group>"; };
		295E88D5275E9E97006DCC27 /* Raleway-LightItalic.ttf */ = {isa = PBXFileReference; lastKnownFileType = file; path = "Raleway-LightItalic.ttf"; sourceTree = "<group>"; };
		295E88D6275E9E97006DCC27 /* Raleway-Thin.ttf */ = {isa = PBXFileReference; lastKnownFileType = file; path = "Raleway-Thin.ttf"; sourceTree = "<group>"; };
		295E88D7275E9E97006DCC27 /* Raleway-Italic.ttf */ = {isa = PBXFileReference; lastKnownFileType = file; path = "Raleway-Italic.ttf"; sourceTree = "<group>"; };
		295E88D8275E9E97006DCC27 /* Raleway-Bold.ttf */ = {isa = PBXFileReference; lastKnownFileType = file; path = "Raleway-Bold.ttf"; sourceTree = "<group>"; };
		295E88D9275E9E97006DCC27 /* OFL.txt */ = {isa = PBXFileReference; fileEncoding = 4; lastKnownFileType = text; path = OFL.txt; sourceTree = "<group>"; };
		295E88DA275E9E97006DCC27 /* Raleway-VariableFont_wght.ttf */ = {isa = PBXFileReference; lastKnownFileType = file; path = "Raleway-VariableFont_wght.ttf"; sourceTree = "<group>"; };
		295E88DB275E9E97006DCC27 /* README.txt */ = {isa = PBXFileReference; fileEncoding = 4; lastKnownFileType = text; path = README.txt; sourceTree = "<group>"; };
		295E88F2275EA03E006DCC27 /* Info.plist */ = {isa = PBXFileReference; lastKnownFileType = text.plist; path = Info.plist; sourceTree = "<group>"; };
		295E88F3275EA132006DCC27 /* FontManager.swift */ = {isa = PBXFileReference; lastKnownFileType = sourcecode.swift; path = FontManager.swift; sourceTree = "<group>"; };
		295E88F6275EA632006DCC27 /* SlideShowModels.swift */ = {isa = PBXFileReference; lastKnownFileType = sourcecode.swift; path = SlideShowModels.swift; sourceTree = "<group>"; };
		295E88F9275EB6EC006DCC27 /* LoginCard.swift */ = {isa = PBXFileReference; lastKnownFileType = sourcecode.swift; path = LoginCard.swift; sourceTree = "<group>"; };
		295E88FD275EB89D006DCC27 /* SignUpCard.swift */ = {isa = PBXFileReference; lastKnownFileType = sourcecode.swift; path = SignUpCard.swift; sourceTree = "<group>"; };
		295E88FF275EB8D2006DCC27 /* LogOnCard.swift */ = {isa = PBXFileReference; lastKnownFileType = sourcecode.swift; path = LogOnCard.swift; sourceTree = "<group>"; };
		295E8901275FED03006DCC27 /* HomeView.swift */ = {isa = PBXFileReference; lastKnownFileType = sourcecode.swift; path = HomeView.swift; sourceTree = "<group>"; };
		295E8905275FEF11006DCC27 /* ProfileImage.swift */ = {isa = PBXFileReference; lastKnownFileType = sourcecode.swift; path = ProfileImage.swift; sourceTree = "<group>"; };
		295E8907275FF52A006DCC27 /* DailyBalance.swift */ = {isa = PBXFileReference; lastKnownFileType = sourcecode.swift; path = DailyBalance.swift; sourceTree = "<group>"; };
		295E890B276016FC006DCC27 /* IncomeExpense.swift */ = {isa = PBXFileReference; lastKnownFileType = sourcecode.swift; path = IncomeExpense.swift; sourceTree = "<group>"; };
		295E890F2760246B006DCC27 /* TransactionModel.swift */ = {isa = PBXFileReference; lastKnownFileType = sourcecode.swift; path = TransactionModel.swift; sourceTree = "<group>"; };
		295E8911276028F4006DCC27 /* DateTitle.swift */ = {isa = PBXFileReference; lastKnownFileType = sourcecode.swift; path = DateTitle.swift; sourceTree = "<group>"; };
		2969AFC2275CA20400A2F820 /* Budgetstra.app */ = {isa = PBXFileReference; explicitFileType = wrapper.application; includeInIndex = 0; path = Budgetstra.app; sourceTree = BUILT_PRODUCTS_DIR; };
		2969AFC5275CA20400A2F820 /* BudgetstraApp.swift */ = {isa = PBXFileReference; lastKnownFileType = sourcecode.swift; name = BudgetstraApp.swift; path = "../New Group/BudgetstraApp.swift"; sourceTree = "<group>"; };
		2969AFC7275CA20400A2F820 /* ContentView.swift */ = {isa = PBXFileReference; lastKnownFileType = sourcecode.swift; path = ContentView.swift; sourceTree = "<group>"; };
		2969AFC9275CA20600A2F820 /* Assets.xcassets */ = {isa = PBXFileReference; lastKnownFileType = folder.assetcatalog; path = Assets.xcassets; sourceTree = "<group>"; };
		2969AFCC275CA20600A2F820 /* Preview Assets.xcassets */ = {isa = PBXFileReference; lastKnownFileType = folder.assetcatalog; path = "Preview Assets.xcassets"; sourceTree = "<group>"; };
		2969AFE9275E9B8500A2F820 /* LoginView.swift */ = {isa = PBXFileReference; lastKnownFileType = sourcecode.swift; path = LoginView.swift; sourceTree = "<group>"; };
		29AC8FDF2764207700CBC28C /* ListViewModel.swift */ = {isa = PBXFileReference; lastKnownFileType = sourcecode.swift; path = ListViewModel.swift; sourceTree = "<group>"; };
		29AC8FE12764658200CBC28C /* HapticManager.swift */ = {isa = PBXFileReference; lastKnownFileType = sourcecode.swift; path = HapticManager.swift; sourceTree = "<group>"; };
		29B913B1276164F00070DF51 /* TransactionImage.swift */ = {isa = PBXFileReference; lastKnownFileType = sourcecode.swift; path = TransactionImage.swift; sourceTree = "<group>"; };
		29B913B327616CF00070DF51 /* ListView.swift */ = {isa = PBXFileReference; lastKnownFileType = sourcecode.swift; path = ListView.swift; sourceTree = "<group>"; };
		29B913B6276275C80070DF51 /* CustomTabBar.swift */ = {isa = PBXFileReference; lastKnownFileType = sourcecode.swift; name = CustomTabBar.swift; path = Budgetstra/Components/HomeViewComponents/CustomTabBar.swift; sourceTree = SOURCE_ROOT; };
		29B913B8276276B20070DF51 /* TabModel.swift */ = {isa = PBXFileReference; lastKnownFileType = sourcecode.swift; path = TabModel.swift; sourceTree = "<group>"; };
		29B913BA27627F690070DF51 /* BudgetView.swift */ = {isa = PBXFileReference; lastKnownFileType = sourcecode.swift; path = BudgetView.swift; sourceTree = "<group>"; };
		29B913BC27627F8F0070DF51 /* GraphView.swift */ = {isa = PBXFileReference; lastKnownFileType = sourcecode.swift; path = GraphView.swift; sourceTree = "<group>"; };
		29B913BE27627F9C0070DF51 /* AccountView.swift */ = {isa = PBXFileReference; lastKnownFileType = sourcecode.swift; path = AccountView.swift; sourceTree = "<group>"; };
/* End PBXFileReference section */

/* Begin PBXFrameworksBuildPhase section */
		2969AFBF275CA20400A2F820 /* Frameworks */ = {
			isa = PBXFrameworksBuildPhase;
			buildActionMask = 2147483647;
			files = (
			);
			runOnlyForDeploymentPostprocessing = 0;
		};
/* End PBXFrameworksBuildPhase section */

/* Begin PBXGroup section */
		292DA8D3277650AB00B6F647 /* BudgetviewComponents */ = {
			isa = PBXGroup;
			children = (
				292DA8D42776511900B6F647 /* BudgetComponent .swift */,
				292DA8DC277A60C100B6F647 /* NewBudget.swift */,
				292DA8E1277E2AE500B6F647 /* UpdateBudget.swift */,
			);
			path = BudgetviewComponents;
			sourceTree = "<group>";
		};
		292DA8DE277A65EA00B6F647 /* Representables */ = {
			isa = PBXGroup;
			children = (
				293DE6DB2763ECA300A94A42 /* BlurView */,
				292DA8DF277A661200B6F647 /* CustomTextField.swift */,
			);
			path = Representables;
			sourceTree = "<group>";
		};
		293DE6DB2763ECA300A94A42 /* BlurView */ = {
			isa = PBXGroup;
			children = (
				293DE6DC2763ECB400A94A42 /* BlurView.swift */,
			);
			path = BlurView;
			sourceTree = "<group>";
		};
		295E88C4275E9E97006DCC27 /* Raleway */ = {
			isa = PBXGroup;
			children = (
				295E88C5275E9E97006DCC27 /* Raleway-Italic-VariableFont_wght.ttf */,
				295E88C6275E9E97006DCC27 /* static */,
				295E88D9275E9E97006DCC27 /* OFL.txt */,
				295E88DA275E9E97006DCC27 /* Raleway-VariableFont_wght.ttf */,
				295E88DB275E9E97006DCC27 /* README.txt */,
			);
			path = Raleway;
			sourceTree = "<group>";
		};
		295E88C6275E9E97006DCC27 /* static */ = {
			isa = PBXGroup;
			children = (
				295E88C7275E9E97006DCC27 /* Raleway-BoldItalic.ttf */,
				295E88C8275E9E97006DCC27 /* Raleway-MediumItalic.ttf */,
				295E88C9275E9E97006DCC27 /* Raleway-ThinItalic.ttf */,
				295E88CA275E9E97006DCC27 /* Raleway-ExtraLight.ttf */,
				295E88CB275E9E97006DCC27 /* Raleway-Medium.ttf */,
				295E88CC275E9E97006DCC27 /* Raleway-SemiBold.ttf */,
				295E88CD275E9E97006DCC27 /* Raleway-ExtraBold.ttf */,
				295E88CE275E9E97006DCC27 /* Raleway-ExtraBoldItalic.ttf */,
				295E88CF275E9E97006DCC27 /* Raleway-Regular.ttf */,
				295E88D0275E9E97006DCC27 /* Raleway-ExtraLightItalic.ttf */,
				295E88D1275E9E97006DCC27 /* Raleway-SemiBoldItalic.ttf */,
				295E88D2275E9E97006DCC27 /* Raleway-Light.ttf */,
				295E88D3275E9E97006DCC27 /* Raleway-Black.ttf */,
				295E88D4275E9E97006DCC27 /* Raleway-BlackItalic.ttf */,
				295E88D5275E9E97006DCC27 /* Raleway-LightItalic.ttf */,
				295E88D6275E9E97006DCC27 /* Raleway-Thin.ttf */,
				295E88D7275E9E97006DCC27 /* Raleway-Italic.ttf */,
				295E88D8275E9E97006DCC27 /* Raleway-Bold.ttf */,
			);
			path = static;
			sourceTree = "<group>";
		};
		295E88F5275EA61B006DCC27 /* Models */ = {
			isa = PBXGroup;
			children = (
				295E88F6275EA632006DCC27 /* SlideShowModels.swift */,
				295E890F2760246B006DCC27 /* TransactionModel.swift */,
				29B913B8276276B20070DF51 /* TabModel.swift */,
				292DA8D82776526A00B6F647 /* BudgetModel.swift */,
			);
			path = Models;
			sourceTree = "<group>";
		};
		295E88F8275EB6D6006DCC27 /* LoginViewComponents */ = {
			isa = PBXGroup;
			children = (
				295E88F9275EB6EC006DCC27 /* LoginCard.swift */,
				295E88C2275E9BFE006DCC27 /* SlidingContent.swift */,
			);
			path = LoginViewComponents;
			sourceTree = "<group>";
		};
		295E8904275FED39006DCC27 /* HomeViewComponents */ = {
			isa = PBXGroup;
			children = (
				295E8905275FEF11006DCC27 /* ProfileImage.swift */,
				295E8907275FF52A006DCC27 /* DailyBalance.swift */,
				295E890B276016FC006DCC27 /* IncomeExpense.swift */,
				295E8911276028F4006DCC27 /* DateTitle.swift */,
				29B913B1276164F00070DF51 /* TransactionImage.swift */,
				29B913B327616CF00070DF51 /* ListView.swift */,
				293DE6D92763E6CE00A94A42 /* NewTransaction.swift */,
			);
			path = HomeViewComponents;
			sourceTree = "<group>";
		};
		2969AFB9275CA20300A2F820 = {
			isa = PBXGroup;
			children = (
				2969AFC4275CA20400A2F820 /* Budgetstra */,
				2969AFC3275CA20400A2F820 /* Products */,
			);
			sourceTree = "<group>";
		};
		2969AFC3275CA20400A2F820 /* Products */ = {
			isa = PBXGroup;
			children = (
				2969AFC2275CA20400A2F820 /* Budgetstra.app */,
			);
			name = Products;
			sourceTree = "<group>";
		};
		2969AFC4275CA20400A2F820 /* Budgetstra */ = {
			isa = PBXGroup;
			children = (
				295E88F2275EA03E006DCC27 /* Info.plist */,
				2969AFE7275E9B6300A2F820 /* Resources */,
				295E88F5275EA61B006DCC27 /* Models */,
				29AC8FDE2764206900CBC28C /* ViewModels */,
				2969AFEB275E9BAC00A2F820 /* Components */,
				2969AFE6275E9B5600A2F820 /* Views */,
				2969AFC9275CA20600A2F820 /* Assets.xcassets */,
				2969AFCB275CA20600A2F820 /* Preview Content */,
			);
			path = Budgetstra;
			sourceTree = "<group>";
		};
		2969AFCB275CA20600A2F820 /* Preview Content */ = {
			isa = PBXGroup;
			children = (
				2969AFCC275CA20600A2F820 /* Preview Assets.xcassets */,
			);
			path = "Preview Content";
			sourceTree = "<group>";
		};
		2969AFE6275E9B5600A2F820 /* Views */ = {
			isa = PBXGroup;
			children = (
				2969AFC7275CA20400A2F820 /* ContentView.swift */,
				2969AFE8275E9B7500A2F820 /* LoginView */,
				295E8901275FED03006DCC27 /* HomeView.swift */,
				29B913BA27627F690070DF51 /* BudgetView.swift */,
				29B913BC27627F8F0070DF51 /* GraphView.swift */,
				29B913BE27627F9C0070DF51 /* AccountView.swift */,
			);
			path = Views;
			sourceTree = "<group>";
		};
		2969AFE7275E9B6300A2F820 /* Resources */ = {
			isa = PBXGroup;
			children = (
				292DA8DE277A65EA00B6F647 /* Representables */,
				295E88C4275E9E97006DCC27 /* Raleway */,
				2969AFC5275CA20400A2F820 /* BudgetstraApp.swift */,
				295E88F3275EA132006DCC27 /* FontManager.swift */,
				29AC8FE12764658200CBC28C /* HapticManager.swift */,
			);
			path = Resources;
			sourceTree = "<group>";
		};
		2969AFE8275E9B7500A2F820 /* LoginView */ = {
			isa = PBXGroup;
			children = (
				2969AFE9275E9B8500A2F820 /* LoginView.swift */,
				295E88FD275EB89D006DCC27 /* SignUpCard.swift */,
				295E88FF275EB8D2006DCC27 /* LogOnCard.swift */,
			);
			path = LoginView;
			sourceTree = "<group>";
		};
		2969AFEB275E9BAC00A2F820 /* Components */ = {
			isa = PBXGroup;
			children = (
				292DA8D3277650AB00B6F647 /* BudgetviewComponents */,
				29B913B5276275B20070DF51 /* Custom Tabbar */,
				295E8904275FED39006DCC27 /* HomeViewComponents */,
				295E88F8275EB6D6006DCC27 /* LoginViewComponents */,
			);
			path = Components;
			sourceTree = "<group>";
		};
		29AC8FDE2764206900CBC28C /* ViewModels */ = {
			isa = PBXGroup;
			children = (
				29AC8FDF2764207700CBC28C /* ListViewModel.swift */,
				292DA8D62776518D00B6F647 /* BudgetViewMoel.swift */,
			);
			path = ViewModels;
			sourceTree = "<group>";
		};
		29B913B5276275B20070DF51 /* Custom Tabbar */ = {
			isa = PBXGroup;
			children = (
				29B913B6276275C80070DF51 /* CustomTabBar.swift */,
			);
			path = "Custom Tabbar";
			sourceTree = "<group>";
		};
/* End PBXGroup section */

/* Begin PBXNativeTarget section */
		2969AFC1275CA20400A2F820 /* Budgetstra */ = {
			isa = PBXNativeTarget;
			buildConfigurationList = 2969AFD0275CA20600A2F820 /* Build configuration list for PBXNativeTarget "Budgetstra" */;
			buildPhases = (
				2969AFBE275CA20400A2F820 /* Sources */,
				2969AFBF275CA20400A2F820 /* Frameworks */,
				2969AFC0275CA20400A2F820 /* Resources */,
			);
			buildRules = (
			);
			dependencies = (
			);
			name = Budgetstra;
			productName = Budgetstra;
			productReference = 2969AFC2275CA20400A2F820 /* Budgetstra.app */;
			productType = "com.apple.product-type.application";
		};
/* End PBXNativeTarget section */

/* Begin PBXProject section */
		2969AFBA275CA20300A2F820 /* Project object */ = {
			isa = PBXProject;
			attributes = {
				BuildIndependentTargetsInParallel = 1;
				LastSwiftUpdateCheck = 1310;
				LastUpgradeCheck = 1310;
				TargetAttributes = {
					2969AFC1275CA20400A2F820 = {
						CreatedOnToolsVersion = 13.1;
					};
				};
			};
			buildConfigurationList = 2969AFBD275CA20300A2F820 /* Build configuration list for PBXProject "Budgetstra" */;
			compatibilityVersion = "Xcode 13.0";
			developmentRegion = en;
			hasScannedForEncodings = 0;
			knownRegions = (
				en,
				Base,
			);
			mainGroup = 2969AFB9275CA20300A2F820;
			productRefGroup = 2969AFC3275CA20400A2F820 /* Products */;
			projectDirPath = "";
			projectRoot = "";
			targets = (
				2969AFC1275CA20400A2F820 /* Budgetstra */,
			);
		};
/* End PBXProject section */

/* Begin PBXResourcesBuildPhase section */
		2969AFC0275CA20400A2F820 /* Resources */ = {
			isa = PBXResourcesBuildPhase;
			buildActionMask = 2147483647;
			files = (
				295E88E2275E9E97006DCC27 /* Raleway-SemiBold.ttf in Resources */,
				295E88E6275E9E97006DCC27 /* Raleway-ExtraLightItalic.ttf in Resources */,
				295E88E4275E9E97006DCC27 /* Raleway-ExtraBoldItalic.ttf in Resources */,
				295E88F0275E9E97006DCC27 /* Raleway-VariableFont_wght.ttf in Resources */,
				2969AFCD275CA20600A2F820 /* Preview Assets.xcassets in Resources */,
				295E88E1275E9E97006DCC27 /* Raleway-Medium.ttf in Resources */,
				295E88EC275E9E97006DCC27 /* Raleway-Thin.ttf in Resources */,
				295E88ED275E9E97006DCC27 /* Raleway-Italic.ttf in Resources */,
				295E88EE275E9E97006DCC27 /* Raleway-Bold.ttf in Resources */,
				295E88E7275E9E97006DCC27 /* Raleway-SemiBoldItalic.ttf in Resources */,
				295E88E8275E9E97006DCC27 /* Raleway-Light.ttf in Resources */,
				2969AFCA275CA20600A2F820 /* Assets.xcassets in Resources */,
				295E88DE275E9E97006DCC27 /* Raleway-MediumItalic.ttf in Resources */,
				295E88EF275E9E97006DCC27 /* OFL.txt in Resources */,
				295E88DC275E9E97006DCC27 /* Raleway-Italic-VariableFont_wght.ttf in Resources */,
				295E88E5275E9E97006DCC27 /* Raleway-Regular.ttf in Resources */,
				295E88EB275E9E97006DCC27 /* Raleway-LightItalic.ttf in Resources */,
				295E88E3275E9E97006DCC27 /* Raleway-ExtraBold.ttf in Resources */,
				295E88E9275E9E97006DCC27 /* Raleway-Black.ttf in Resources */,
				295E88DD275E9E97006DCC27 /* Raleway-BoldItalic.ttf in Resources */,
				295E88E0275E9E97006DCC27 /* Raleway-ExtraLight.ttf in Resources */,
				295E88DF275E9E97006DCC27 /* Raleway-ThinItalic.ttf in Resources */,
				295E88F1275E9E97006DCC27 /* README.txt in Resources */,
				295E88EA275E9E97006DCC27 /* Raleway-BlackItalic.ttf in Resources */,
			);
			runOnlyForDeploymentPostprocessing = 0;
		};
/* End PBXResourcesBuildPhase section */

/* Begin PBXSourcesBuildPhase section */
		2969AFBE275CA20400A2F820 /* Sources */ = {
			isa = PBXSourcesBuildPhase;
			buildActionMask = 2147483647;
			files = (
				29AC8FE22764658200CBC28C /* HapticManager.swift in Sources */,
				295E88FE275EB89D006DCC27 /* SignUpCard.swift in Sources */,
				295E8900275EB8D2006DCC27 /* LogOnCard.swift in Sources */,
				292DA8DD277A60C100B6F647 /* NewBudget.swift in Sources */,
				29B913BF27627F9C0070DF51 /* AccountView.swift in Sources */,
				292DA8D92776526A00B6F647 /* BudgetModel.swift in Sources */,
				29B913BD27627F8F0070DF51 /* GraphView.swift in Sources */,
				295E88F7275EA633006DCC27 /* SlideShowModels.swift in Sources */,
				293DE6DA2763E6CE00A94A42 /* NewTransaction.swift in Sources */,
				29B913B427616CF00070DF51 /* ListView.swift in Sources */,
				29B913B7276275C80070DF51 /* CustomTabBar.swift in Sources */,
				292DA8E2277E2AE500B6F647 /* UpdateBudget.swift in Sources */,
				295E8902275FED03006DCC27 /* HomeView.swift in Sources */,
				295E89102760246B006DCC27 /* TransactionModel.swift in Sources */,
				295E8912276028F4006DCC27 /* DateTitle.swift in Sources */,
				295E890C276016FC006DCC27 /* IncomeExpense.swift in Sources */,
				29B913BB27627F690070DF51 /* BudgetView.swift in Sources */,
				292DA8D72776518D00B6F647 /* BudgetViewMoel.swift in Sources */,
				295E88F4275EA132006DCC27 /* FontManager.swift in Sources */,
				292DA8E0277A661200B6F647 /* CustomTextField.swift in Sources */,
				295E88FA275EB6EC006DCC27 /* LoginCard.swift in Sources */,
				29AC8FE02764207700CBC28C /* ListViewModel.swift in Sources */,
				29B913B9276276B20070DF51 /* TabModel.swift in Sources */,
				295E8908275FF52B006DCC27 /* DailyBalance.swift in Sources */,
				293DE6DD2763ECB400A94A42 /* BlurView.swift in Sources */,
				292DA8D52776511900B6F647 /* BudgetComponent .swift in Sources */,
				29B913B2276164F00070DF51 /* TransactionImage.swift in Sources */,
				295E88C3275E9BFE006DCC27 /* SlidingContent.swift in Sources */,
				2969AFEA275E9B8500A2F820 /* LoginView.swift in Sources */,
				295E8906275FEF11006DCC27 /* ProfileImage.swift in Sources */,
				2969AFC8275CA20400A2F820 /* ContentView.swift in Sources */,
				2969AFC6275CA20400A2F820 /* BudgetstraApp.swift in Sources */,
			);
			runOnlyForDeploymentPostprocessing = 0;
		};
/* End PBXSourcesBuildPhase section */

/* Begin XCBuildConfiguration section */
		2969AFCE275CA20600A2F820 /* Debug */ = {
			isa = XCBuildConfiguration;
			buildSettings = {
				ALWAYS_SEARCH_USER_PATHS = NO;
				CLANG_ANALYZER_NONNULL = YES;
				CLANG_ANALYZER_NUMBER_OBJECT_CONVERSION = YES_AGGRESSIVE;
				CLANG_CXX_LANGUAGE_STANDARD = "gnu++17";
				CLANG_CXX_LIBRARY = "libc++";
				CLANG_ENABLE_MODULES = YES;
				CLANG_ENABLE_OBJC_ARC = YES;
				CLANG_ENABLE_OBJC_WEAK = YES;
				CLANG_WARN_BLOCK_CAPTURE_AUTORELEASING = YES;
				CLANG_WARN_BOOL_CONVERSION = YES;
				CLANG_WARN_COMMA = YES;
				CLANG_WARN_CONSTANT_CONVERSION = YES;
				CLANG_WARN_DEPRECATED_OBJC_IMPLEMENTATIONS = YES;
				CLANG_WARN_DIRECT_OBJC_ISA_USAGE = YES_ERROR;
				CLANG_WARN_DOCUMENTATION_COMMENTS = YES;
				CLANG_WARN_EMPTY_BODY = YES;
				CLANG_WARN_ENUM_CONVERSION = YES;
				CLANG_WARN_INFINITE_RECURSION = YES;
				CLANG_WARN_INT_CONVERSION = YES;
				CLANG_WARN_NON_LITERAL_NULL_CONVERSION = YES;
				CLANG_WARN_OBJC_IMPLICIT_RETAIN_SELF = YES;
				CLANG_WARN_OBJC_LITERAL_CONVERSION = YES;
				CLANG_WARN_OBJC_ROOT_CLASS = YES_ERROR;
				CLANG_WARN_QUOTED_INCLUDE_IN_FRAMEWORK_HEADER = YES;
				CLANG_WARN_RANGE_LOOP_ANALYSIS = YES;
				CLANG_WARN_STRICT_PROTOTYPES = YES;
				CLANG_WARN_SUSPICIOUS_MOVE = YES;
				CLANG_WARN_UNGUARDED_AVAILABILITY = YES_AGGRESSIVE;
				CLANG_WARN_UNREACHABLE_CODE = YES;
				CLANG_WARN__DUPLICATE_METHOD_MATCH = YES;
				COPY_PHASE_STRIP = NO;
				DEBUG_INFORMATION_FORMAT = dwarf;
				ENABLE_STRICT_OBJC_MSGSEND = YES;
				ENABLE_TESTABILITY = YES;
				GCC_C_LANGUAGE_STANDARD = gnu11;
				GCC_DYNAMIC_NO_PIC = NO;
				GCC_NO_COMMON_BLOCKS = YES;
				GCC_OPTIMIZATION_LEVEL = 0;
				GCC_PREPROCESSOR_DEFINITIONS = (
					"DEBUG=1",
					"$(inherited)",
				);
				GCC_WARN_64_TO_32_BIT_CONVERSION = YES;
				GCC_WARN_ABOUT_RETURN_TYPE = YES_ERROR;
				GCC_WARN_UNDECLARED_SELECTOR = YES;
				GCC_WARN_UNINITIALIZED_AUTOS = YES_AGGRESSIVE;
				GCC_WARN_UNUSED_FUNCTION = YES;
				GCC_WARN_UNUSED_VARIABLE = YES;
				IPHONEOS_DEPLOYMENT_TARGET = 15.0;
				MTL_ENABLE_DEBUG_INFO = INCLUDE_SOURCE;
				MTL_FAST_MATH = YES;
				ONLY_ACTIVE_ARCH = YES;
				SDKROOT = iphoneos;
				SWIFT_ACTIVE_COMPILATION_CONDITIONS = DEBUG;
				SWIFT_OPTIMIZATION_LEVEL = "-Onone";
			};
			name = Debug;
		};
		2969AFCF275CA20600A2F820 /* Release */ = {
			isa = XCBuildConfiguration;
			buildSettings = {
				ALWAYS_SEARCH_USER_PATHS = NO;
				CLANG_ANALYZER_NONNULL = YES;
				CLANG_ANALYZER_NUMBER_OBJECT_CONVERSION = YES_AGGRESSIVE;
				CLANG_CXX_LANGUAGE_STANDARD = "gnu++17";
				CLANG_CXX_LIBRARY = "libc++";
				CLANG_ENABLE_MODULES = YES;
				CLANG_ENABLE_OBJC_ARC = YES;
				CLANG_ENABLE_OBJC_WEAK = YES;
				CLANG_WARN_BLOCK_CAPTURE_AUTORELEASING = YES;
				CLANG_WARN_BOOL_CONVERSION = YES;
				CLANG_WARN_COMMA = YES;
				CLANG_WARN_CONSTANT_CONVERSION = YES;
				CLANG_WARN_DEPRECATED_OBJC_IMPLEMENTATIONS = YES;
				CLANG_WARN_DIRECT_OBJC_ISA_USAGE = YES_ERROR;
				CLANG_WARN_DOCUMENTATION_COMMENTS = YES;
				CLANG_WARN_EMPTY_BODY = YES;
				CLANG_WARN_ENUM_CONVERSION = YES;
				CLANG_WARN_INFINITE_RECURSION = YES;
				CLANG_WARN_INT_CONVERSION = YES;
				CLANG_WARN_NON_LITERAL_NULL_CONVERSION = YES;
				CLANG_WARN_OBJC_IMPLICIT_RETAIN_SELF = YES;
				CLANG_WARN_OBJC_LITERAL_CONVERSION = YES;
				CLANG_WARN_OBJC_ROOT_CLASS = YES_ERROR;
				CLANG_WARN_QUOTED_INCLUDE_IN_FRAMEWORK_HEADER = YES;
				CLANG_WARN_RANGE_LOOP_ANALYSIS = YES;
				CLANG_WARN_STRICT_PROTOTYPES = YES;
				CLANG_WARN_SUSPICIOUS_MOVE = YES;
				CLANG_WARN_UNGUARDED_AVAILABILITY = YES_AGGRESSIVE;
				CLANG_WARN_UNREACHABLE_CODE = YES;
				CLANG_WARN__DUPLICATE_METHOD_MATCH = YES;
				COPY_PHASE_STRIP = NO;
				DEBUG_INFORMATION_FORMAT = "dwarf-with-dsym";
				ENABLE_NS_ASSERTIONS = NO;
				ENABLE_STRICT_OBJC_MSGSEND = YES;
				GCC_C_LANGUAGE_STANDARD = gnu11;
				GCC_NO_COMMON_BLOCKS = YES;
				GCC_WARN_64_TO_32_BIT_CONVERSION = YES;
				GCC_WARN_ABOUT_RETURN_TYPE = YES_ERROR;
				GCC_WARN_UNDECLARED_SELECTOR = YES;
				GCC_WARN_UNINITIALIZED_AUTOS = YES_AGGRESSIVE;
				GCC_WARN_UNUSED_FUNCTION = YES;
				GCC_WARN_UNUSED_VARIABLE = YES;
				IPHONEOS_DEPLOYMENT_TARGET = 15.0;
				MTL_ENABLE_DEBUG_INFO = NO;
				MTL_FAST_MATH = YES;
				SDKROOT = iphoneos;
				SWIFT_COMPILATION_MODE = wholemodule;
				SWIFT_OPTIMIZATION_LEVEL = "-O";
				VALIDATE_PRODUCT = YES;
			};
			name = Release;
		};
		2969AFD1275CA20600A2F820 /* Debug */ = {
			isa = XCBuildConfiguration;
			buildSettings = {
				ASSETCATALOG_COMPILER_APPICON_NAME = AppIcon;
				ASSETCATALOG_COMPILER_GLOBAL_ACCENT_COLOR_NAME = AccentColor;
				CODE_SIGN_STYLE = Automatic;
				CURRENT_PROJECT_VERSION = 1;
				DEVELOPMENT_ASSET_PATHS = "\"Budgetstra/Preview Content\"";
				DEVELOPMENT_TEAM = QTC9TXRFDC;
				ENABLE_PREVIEWS = YES;
				GENERATE_INFOPLIST_FILE = YES;
				INFOPLIST_FILE = Budgetstra/Info.plist;
				INFOPLIST_KEY_UIApplicationSceneManifest_Generation = YES;
				INFOPLIST_KEY_UIApplicationSupportsIndirectInputEvents = YES;
				INFOPLIST_KEY_UILaunchScreen_Generation = YES;
				INFOPLIST_KEY_UISupportedInterfaceOrientations_iPad = "UIInterfaceOrientationPortrait UIInterfaceOrientationPortraitUpsideDown UIInterfaceOrientationLandscapeLeft UIInterfaceOrientationLandscapeRight";
				INFOPLIST_KEY_UISupportedInterfaceOrientations_iPhone = "UIInterfaceOrientationPortrait UIInterfaceOrientationLandscapeLeft UIInterfaceOrientationLandscapeRight";
				IPHONEOS_DEPLOYMENT_TARGET = 15.0;
				LD_RUNPATH_SEARCH_PATHS = (
					"$(inherited)",
					"@executable_path/Frameworks",
				);
				MARKETING_VERSION = 1.0;
				PRODUCT_BUNDLE_IDENTIFIER = co.llamastudios.Budgetstra;
				PRODUCT_NAME = "$(TARGET_NAME)";
				SWIFT_EMIT_LOC_STRINGS = YES;
				SWIFT_VERSION = 5.0;
				TARGETED_DEVICE_FAMILY = "1,2";
			};
			name = Debug;
		};
		2969AFD2275CA20600A2F820 /* Release */ = {
			isa = XCBuildConfiguration;
			buildSettings = {
				ASSETCATALOG_COMPILER_APPICON_NAME = AppIcon;
				ASSETCATALOG_COMPILER_GLOBAL_ACCENT_COLOR_NAME = AccentColor;
				CODE_SIGN_STYLE = Automatic;
				CURRENT_PROJECT_VERSION = 1;
				DEVELOPMENT_ASSET_PATHS = "\"Budgetstra/Preview Content\"";
				DEVELOPMENT_TEAM = QTC9TXRFDC;
				ENABLE_PREVIEWS = YES;
				GENERATE_INFOPLIST_FILE = YES;
				INFOPLIST_FILE = Budgetstra/Info.plist;
				INFOPLIST_KEY_UIApplicationSceneManifest_Generation = YES;
				INFOPLIST_KEY_UIApplicationSupportsIndirectInputEvents = YES;
				INFOPLIST_KEY_UILaunchScreen_Generation = YES;
				INFOPLIST_KEY_UISupportedInterfaceOrientations_iPad = "UIInterfaceOrientationPortrait UIInterfaceOrientationPortraitUpsideDown UIInterfaceOrientationLandscapeLeft UIInterfaceOrientationLandscapeRight";
				INFOPLIST_KEY_UISupportedInterfaceOrientations_iPhone = "UIInterfaceOrientationPortrait UIInterfaceOrientationLandscapeLeft UIInterfaceOrientationLandscapeRight";
				IPHONEOS_DEPLOYMENT_TARGET = 15.0;
				LD_RUNPATH_SEARCH_PATHS = (
					"$(inherited)",
					"@executable_path/Frameworks",
				);
				MARKETING_VERSION = 1.0;
				PRODUCT_BUNDLE_IDENTIFIER = co.llamastudios.Budgetstra;
				PRODUCT_NAME = "$(TARGET_NAME)";
				SWIFT_EMIT_LOC_STRINGS = YES;
				SWIFT_VERSION = 5.0;
				TARGETED_DEVICE_FAMILY = "1,2";
			};
			name = Release;
		};
/* End XCBuildConfiguration section */

/* Begin XCConfigurationList section */
		2969AFBD275CA20300A2F820 /* Build configuration list for PBXProject "Budgetstra" */ = {
			isa = XCConfigurationList;
			buildConfigurations = (
				2969AFCE275CA20600A2F820 /* Debug */,
				2969AFCF275CA20600A2F820 /* Release */,
			);
			defaultConfigurationIsVisible = 0;
			defaultConfigurationName = Release;
		};
		2969AFD0275CA20600A2F820 /* Build configuration list for PBXNativeTarget "Budgetstra" */ = {
			isa = XCConfigurationList;
			buildConfigurations = (
				2969AFD1275CA20600A2F820 /* Debug */,
				2969AFD2275CA20600A2F820 /* Release */,
			);
			defaultConfigurationIsVisible = 0;
			defaultConfigurationName = Release;
		};
/* End XCConfigurationList section */
	};
	rootObject = 2969AFBA275CA20300A2F820 /* Project object */;
}
